
Microsoft Visual Studio Solution File, Format Version 12.00
Project("{FAE04EC0-301F-11D3-BF4B-00C04F79EFBC}") = "NSolve.Api", "NSolve.Api\NSolve.Api.csproj", "{6FCA8076-695B-402F-972E-93FA1720BBD6}"
EndProject
Project("{2150E333-8FDC-42A3-9474-1A3956D46DE8}") = "src", "src", "{EE2B216E-650A-45EB-9F1A-C463ED3866C7}"
EndProject
Project("{FAE04EC0-301F-11D3-BF4B-00C04F79EFBC}") = "NSolve.Infrastructure", "NSolve.Infrastructure\NSolve.Infrastructure.csproj", "{768378A3-9BAB-4344-808A-40019996C9EA}"
EndProject
Project("{FAE04EC0-301F-11D3-BF4B-00C04F79EFBC}") = "NSolve.Domain", "NSolve.Domain\NSolve.Domain.csproj", "{608DC416-2F07-4902-BE95-C929C496F9F7}"
EndProject
Global
	GlobalSection(SolutionConfigurationPlatforms) = preSolution
		Debug|Any CPU = Debug|Any CPU
		Release|Any CPU = Release|Any CPU
	EndGlobalSection
	GlobalSection(ProjectConfigurationPlatforms) = postSolution
		{6FCA8076-695B-402F-972E-93FA1720BBD6}.Debug|Any CPU.ActiveCfg = Debug|Any CPU
		{6FCA8076-695B-402F-972E-93FA1720BBD6}.Debug|Any CPU.Build.0 = Debug|Any CPU
		{6FCA8076-695B-402F-972E-93FA1720BBD6}.Release|Any CPU.ActiveCfg = Release|Any CPU
		{6FCA8076-695B-402F-972E-93FA1720BBD6}.Release|Any CPU.Build.0 = Release|Any CPU
		{768378A3-9BAB-4344-808A-40019996C9EA}.Debug|Any CPU.ActiveCfg = Debug|Any CPU
		{768378A3-9BAB-4344-808A-40019996C9EA}.Debug|Any CPU.Build.0 = Debug|Any CPU
		{768378A3-9BAB-4344-808A-40019996C9EA}.Release|Any CPU.ActiveCfg = Release|Any CPU
		{768378A3-9BAB-4344-808A-40019996C9EA}.Release|Any CPU.Build.0 = Release|Any CPU
		{608DC416-2F07-4902-BE95-C929C496F9F7}.Debug|Any CPU.ActiveCfg = Debug|Any CPU
		{608DC416-2F07-4902-BE95-C929C496F9F7}.Debug|Any CPU.Build.0 = Debug|Any CPU
		{608DC416-2F07-4902-BE95-C929C496F9F7}.Release|Any CPU.ActiveCfg = Release|Any CPU
		{608DC416-2F07-4902-BE95-C929C496F9F7}.Release|Any CPU.Build.0 = Release|Any CPU
	EndGlobalSection
	GlobalSection(NestedProjects) = preSolution
		{6FCA8076-695B-402F-972E-93FA1720BBD6} = {EE2B216E-650A-45EB-9F1A-C463ED3866C7}
		{768378A3-9BAB-4344-808A-40019996C9EA} = {EE2B216E-650A-45EB-9F1A-C463ED3866C7}
		{608DC416-2F07-4902-BE95-C929C496F9F7} = {EE2B216E-650A-45EB-9F1A-C463ED3866C7}
	EndGlobalSection
EndGlobal
